
Microsoft Visual Studio Solution File, Format Version 12.00
# Visual Studio Version 16
VisualStudioVersion = 16.0.31729.503
MinimumVisualStudioVersion = 10.0.40219.1
Project("{9A19103F-16F7-4668-BE54-9A1E7A4F7556}") = "Booking.com.Data", "Booking.com.Data\Booking.com.Data.csproj", "{084030B0-96F9-4EEA-88F2-07D9980189DE}"
EndProject
Project("{9A19103F-16F7-4668-BE54-9A1E7A4F7556}") = "Booking.com.Flights", "Booking.com.Flights\Booking.com.Flights.csproj", "{58949C4C-CAE2-4149-B5F9-AAD4671904D4}"
EndProject
Project("{9A19103F-16F7-4668-BE54-9A1E7A4F7556}") = "Booking.com.Membership", "Booking.com.Membership\Booking.com.Membership.csproj", "{0F1FEDA9-4782-45AF-AAE5-A22907D0FB64}"
EndProject
Project("{9A19103F-16F7-4668-BE54-9A1E7A4F7556}") = "Booking.com.Web", "Booking.com.Web\Booking.com.Web.csproj", "{F44726E9-8101-4FE7-97F7-29F1B1DF7432}"
EndProject
Global
	GlobalSection(SolutionConfigurationPlatforms) = preSolution
		Debug|Any CPU = Debug|Any CPU
		Release|Any CPU = Release|Any CPU
	EndGlobalSection
	GlobalSection(ProjectConfigurationPlatforms) = postSolution
		{084030B0-96F9-4EEA-88F2-07D9980189DE}.Debug|Any CPU.ActiveCfg = Debug|Any CPU
		{084030B0-96F9-4EEA-88F2-07D9980189DE}.Debug|Any CPU.Build.0 = Debug|Any CPU
		{084030B0-96F9-4EEA-88F2-07D9980189DE}.Release|Any CPU.ActiveCfg = Release|Any CPU
		{084030B0-96F9-4EEA-88F2-07D9980189DE}.Release|Any CPU.Build.0 = Release|Any CPU
		{58949C4C-CAE2-4149-B5F9-AAD4671904D4}.Debug|Any CPU.ActiveCfg = Debug|Any CPU
		{58949C4C-CAE2-4149-B5F9-AAD4671904D4}.Debug|Any CPU.Build.0 = Debug|Any CPU
		{58949C4C-CAE2-4149-B5F9-AAD4671904D4}.Release|Any CPU.ActiveCfg = Release|Any CPU
		{58949C4C-CAE2-4149-B5F9-AAD4671904D4}.Release|Any CPU.Build.0 = Release|Any CPU
		{0F1FEDA9-4782-45AF-AAE5-A22907D0FB64}.Debug|Any CPU.ActiveCfg = Debug|Any CPU
		{0F1FEDA9-4782-45AF-AAE5-A22907D0FB64}.Debug|Any CPU.Build.0 = Debug|Any CPU
		{0F1FEDA9-4782-45AF-AAE5-A22907D0FB64}.Release|Any CPU.ActiveCfg = Release|Any CPU
		{0F1FEDA9-4782-45AF-AAE5-A22907D0FB64}.Release|Any CPU.Build.0 = Release|Any CPU
		{F44726E9-8101-4FE7-97F7-29F1B1DF7432}.Debug|Any CPU.ActiveCfg = Debug|Any CPU
		{F44726E9-8101-4FE7-97F7-29F1B1DF7432}.Debug|Any CPU.Build.0 = Debug|Any CPU
		{F44726E9-8101-4FE7-97F7-29F1B1DF7432}.Release|Any CPU.ActiveCfg = Release|Any CPU
		{F44726E9-8101-4FE7-97F7-29F1B1DF7432}.Release|Any CPU.Build.0 = Release|Any CPU
	EndGlobalSection
	GlobalSection(SolutionProperties) = preSolution
		HideSolutionNode = FALSE
	EndGlobalSection
	GlobalSection(ExtensibilityGlobals) = postSolution
		SolutionGuid = {030E13DE-BECC-4E62-A828-2F6C1FE014BD}
	EndGlobalSection
EndGlobal
